
Microsoft Visual Studio Solution File, Format Version 12.00
# Visual Studio Version 16
VisualStudioVersion = 16.0.30114.105
MinimumVisualStudioVersion = 10.0.40219.1
Project("{2150E333-8FDC-42A3-9474-1A3956D46DE8}") = "src", "src", "{5996DBA5-6DE4-4A12-8376-6C76587EF18F}"
EndProject
Project("{9A19103F-16F7-4668-BE54-9A1E7A4F7556}") = "ConfigConsoleApp", "src\ConfigConsoleApp\ConfigConsoleApp.csproj", "{2EA83530-A348-40E6-9443-93EEE3CB9D48}"
EndProject
Project("{9A19103F-16F7-4668-BE54-9A1E7A4F7556}") = "ConfigWebApi", "src\ConfigWebApi\ConfigWebApi.csproj", "{0239E67F-1826-4538-AE39-2724E8F25EA7}"
EndProject
Project("{2150E333-8FDC-42A3-9474-1A3956D46DE8}") = "scripts", "scripts", "{EC19E60F-EE11-432A-95A3-40C73F285621}"
	ProjectSection(SolutionItems) = preProject
		run.ps1 = run.ps1
	EndProjectSection
EndProject
Project("{9A19103F-16F7-4668-BE54-9A1E7A4F7556}") = "ConfigLib", "src\ConfigLib\ConfigLib.csproj", "{D56D300A-BCC2-4BF8-AA57-F27B178AB761}"
EndProject
Global
	GlobalSection(SolutionConfigurationPlatforms) = preSolution
		Debug|Any CPU = Debug|Any CPU
		Release|Any CPU = Release|Any CPU
	EndGlobalSection
	GlobalSection(SolutionProperties) = preSolution
		HideSolutionNode = FALSE
	EndGlobalSection
	GlobalSection(ProjectConfigurationPlatforms) = postSolution
		{2EA83530-A348-40E6-9443-93EEE3CB9D48}.Debug|Any CPU.ActiveCfg = Debug|Any CPU
		{2EA83530-A348-40E6-9443-93EEE3CB9D48}.Debug|Any CPU.Build.0 = Debug|Any CPU
		{2EA83530-A348-40E6-9443-93EEE3CB9D48}.Release|Any CPU.ActiveCfg = Release|Any CPU
		{2EA83530-A348-40E6-9443-93EEE3CB9D48}.Release|Any CPU.Build.0 = Release|Any CPU
		{0239E67F-1826-4538-AE39-2724E8F25EA7}.Debug|Any CPU.ActiveCfg = Debug|Any CPU
		{0239E67F-1826-4538-AE39-2724E8F25EA7}.Debug|Any CPU.Build.0 = Debug|Any CPU
		{0239E67F-1826-4538-AE39-2724E8F25EA7}.Release|Any CPU.ActiveCfg = Release|Any CPU
		{0239E67F-1826-4538-AE39-2724E8F25EA7}.Release|Any CPU.Build.0 = Release|Any CPU
		{D56D300A-BCC2-4BF8-AA57-F27B178AB761}.Debug|Any CPU.ActiveCfg = Debug|Any CPU
		{D56D300A-BCC2-4BF8-AA57-F27B178AB761}.Debug|Any CPU.Build.0 = Debug|Any CPU
		{D56D300A-BCC2-4BF8-AA57-F27B178AB761}.Release|Any CPU.ActiveCfg = Release|Any CPU
		{D56D300A-BCC2-4BF8-AA57-F27B178AB761}.Release|Any CPU.Build.0 = Release|Any CPU
	EndGlobalSection
	GlobalSection(NestedProjects) = preSolution
		{2EA83530-A348-40E6-9443-93EEE3CB9D48} = {5996DBA5-6DE4-4A12-8376-6C76587EF18F}
		{0239E67F-1826-4538-AE39-2724E8F25EA7} = {5996DBA5-6DE4-4A12-8376-6C76587EF18F}
		{D56D300A-BCC2-4BF8-AA57-F27B178AB761} = {5996DBA5-6DE4-4A12-8376-6C76587EF18F}
	EndGlobalSection
EndGlobal
